
Microsoft Visual Studio Solution File, Format Version 12.00
# Visual Studio Version 16
VisualStudioVersion = 16.0.29102.190
MinimumVisualStudioVersion = 10.0.40219.1
Project("{FAE04EC0-301F-11D3-BF4B-00C04F79EFBC}") = "WebApplication1", "WebApplication1.csproj", "{A8B9A475-CD48-4774-B8C3-ADBA21566EBA}"
EndProject
Global
	GlobalSection(SolutionConfigurationPlatforms) = preSolution
		Debug|Any CPU = Debug|Any CPU
		Release|Any CPU = Release|Any CPU
	EndGlobalSection
	GlobalSection(ProjectConfigurationPlatforms) = postSolution
		{A8B9A475-CD48-4774-B8C3-ADBA21566EBA}.Debug|Any CPU.ActiveCfg = Debug|Any CPU
		{A8B9A475-CD48-4774-B8C3-ADBA21566EBA}.Debug|Any CPU.Build.0 = Debug|Any CPU
		{A8B9A475-CD48-4774-B8C3-ADBA21566EBA}.Release|Any CPU.ActiveCfg = Release|Any CPU
		{A8B9A475-CD48-4774-B8C3-ADBA21566EBA}.Release|Any CPU.Build.0 = Release|Any CPU
	EndGlobalSection
	GlobalSection(SolutionProperties) = preSolution
		HideSolutionNode = FALSE
	EndGlobalSection
	GlobalSection(ExtensibilityGlobals) = postSolution
		SolutionGuid = {1BE4EA1F-227B-44FC-902E-1E6F28086256}
	EndGlobalSection
EndGlobal
